github.com/zzztttkkk/reflectx v0.1.2 h1:m1FFtfnqPuTlucsCT9QOg78Bt99vnswGmVSY9+iijy0=
github.com/zzztttkkk/reflectx v0.1.2/go.mod h1:PcsOYWQNyAjfJlF+PdzL+Qgun9z+gW0Id5g6docX2yM=
github.com/zzztttkkk/reflectx v0.1.3 h1:9VHjrLmstONHrK71aDd+d8Cj0m0Qiq2s+F712ov2RbI=
github.com/zzztttkkk/reflectx v0.1.3/go.mod h1:PcsOYWQNyAjfJlF+PdzL+Qgun9z+gW0Id5g6docX2yM=
